
Microsoft Visual Studio Solution File, Format Version 12.00
# Visual Studio 15
Project("{FAE04EC0-301F-11D3-BF4B-00C04F79EFBC}") = "Assembly-CSharp-Editor", "Assembly-CSharp-Editor.csproj", "{11EA3CFC-3751-EFB1-3C3A-D4050950A87D}"
EndProject
Global
	GlobalSection(SolutionConfigurationPlatforms) = preSolution
		Debug|Any CPU = Debug|Any CPU
		Release|Any CPU = Release|Any CPU
	EndGlobalSection
	GlobalSection(ProjectConfigurationPlatforms) = postSolution
		{11EA3CFC-3751-EFB1-3C3A-D4050950A87D}.Debug|Any CPU.ActiveCfg = Debug|Any CPU
		{11EA3CFC-3751-EFB1-3C3A-D4050950A87D}.Debug|Any CPU.Build.0 = Debug|Any CPU
		{11EA3CFC-3751-EFB1-3C3A-D4050950A87D}.Release|Any CPU.ActiveCfg = Release|Any CPU
		{11EA3CFC-3751-EFB1-3C3A-D4050950A87D}.Release|Any CPU.Build.0 = Release|Any CPU
	EndGlobalSection
	GlobalSection(SolutionProperties) = preSolution
		HideSolutionNode = FALSE
	EndGlobalSection
EndGlobal
